
Microsoft Visual Studio Solution File, Format Version 12.00
# Visual Studio Version 16
VisualStudioVersion = 16.0.31424.327
MinimumVisualStudioVersion = 10.0.40219.1
Project("{9A19103F-16F7-4668-BE54-9A1E7A4F7556}") = "SimpleSecureWebsockets", "SimpleSecureWebsockets\SimpleSecureWebsockets.csproj", "{81FC7CD5-A067-41E4-A811-22A2170B6D24}"
EndProject
Project("{FAE04EC0-301F-11D3-BF4B-00C04F79EFBC}") = "WebsocketTest", "WebsocketTest\WebsocketTest.csproj", "{22092A83-2F2C-4960-B33A-E962DB95FA1A}"
EndProject
Global
	GlobalSection(SolutionConfigurationPlatforms) = preSolution
		Debug|Any CPU = Debug|Any CPU
		Release|Any CPU = Release|Any CPU
	EndGlobalSection
	GlobalSection(ProjectConfigurationPlatforms) = postSolution
		{81FC7CD5-A067-41E4-A811-22A2170B6D24}.Debug|Any CPU.ActiveCfg = Debug|Any CPU
		{81FC7CD5-A067-41E4-A811-22A2170B6D24}.Debug|Any CPU.Build.0 = Debug|Any CPU
		{81FC7CD5-A067-41E4-A811-22A2170B6D24}.Release|Any CPU.ActiveCfg = Release|Any CPU
		{81FC7CD5-A067-41E4-A811-22A2170B6D24}.Release|Any CPU.Build.0 = Release|Any CPU
		{22092A83-2F2C-4960-B33A-E962DB95FA1A}.Debug|Any CPU.ActiveCfg = Debug|Any CPU
		{22092A83-2F2C-4960-B33A-E962DB95FA1A}.Debug|Any CPU.Build.0 = Debug|Any CPU
		{22092A83-2F2C-4960-B33A-E962DB95FA1A}.Release|Any CPU.ActiveCfg = Release|Any CPU
		{22092A83-2F2C-4960-B33A-E962DB95FA1A}.Release|Any CPU.Build.0 = Release|Any CPU
	EndGlobalSection
	GlobalSection(SolutionProperties) = preSolution
		HideSolutionNode = FALSE
	EndGlobalSection
	GlobalSection(ExtensibilityGlobals) = postSolution
		SolutionGuid = {01DB02F2-003B-49D0-862A-8E697470756B}
	EndGlobalSection
EndGlobal
